
Microsoft Visual Studio Solution File, Format Version 12.00
# Visual Studio 2013
VisualStudioVersion = 12.0.40629.0
MinimumVisualStudioVersion = 10.0.40219.1
Project("{FAE04EC0-301F-11D3-BF4B-00C04F79EFBC}") = "CustomWadLoader", "CustomWadLoader\CustomWadLoader.csproj", "{BEA3549C-C1F5-4385-98F2-7DE01476E564}"
EndProject
Project("{FAE04EC0-301F-11D3-BF4B-00C04F79EFBC}") = "CustomSkinLoader", "WadLoader\CustomSkinLoader.csproj", "{D2FA38C2-01D3-4AA6-AD6E-4B35A60F30EC}"
EndProject
Global
	GlobalSection(SolutionConfigurationPlatforms) = preSolution
		Debug|Any CPU = Debug|Any CPU
		Release|Any CPU = Release|Any CPU
	EndGlobalSection
	GlobalSection(ProjectConfigurationPlatforms) = postSolution
		{BEA3549C-C1F5-4385-98F2-7DE01476E564}.Debug|Any CPU.ActiveCfg = Debug|Any CPU
		{BEA3549C-C1F5-4385-98F2-7DE01476E564}.Debug|Any CPU.Build.0 = Debug|Any CPU
		{BEA3549C-C1F5-4385-98F2-7DE01476E564}.Release|Any CPU.ActiveCfg = Release|Any CPU
		{BEA3549C-C1F5-4385-98F2-7DE01476E564}.Release|Any CPU.Build.0 = Release|Any CPU
		{D2FA38C2-01D3-4AA6-AD6E-4B35A60F30EC}.Debug|Any CPU.ActiveCfg = Debug|Any CPU
		{D2FA38C2-01D3-4AA6-AD6E-4B35A60F30EC}.Debug|Any CPU.Build.0 = Debug|Any CPU
		{D2FA38C2-01D3-4AA6-AD6E-4B35A60F30EC}.Release|Any CPU.ActiveCfg = Release|Any CPU
		{D2FA38C2-01D3-4AA6-AD6E-4B35A60F30EC}.Release|Any CPU.Build.0 = Release|Any CPU
	EndGlobalSection
	GlobalSection(SolutionProperties) = preSolution
		HideSolutionNode = FALSE
	EndGlobalSection
EndGlobal
